PODS:
  - GoogleMaps (6.2.1):
    - GoogleMaps/Maps (= 6.2.1)
  - GoogleMaps/Base (6.2.1)
  - GoogleMaps/Maps (6.2.1):
    - GoogleMaps/Base

DEPENDENCIES:
  - GoogleMaps

SPEC REPOS:
  trunk:
    - GoogleMaps

SPEC CHECKSUMS:
  GoogleMaps: 20d7b12be49a14287f797e88e0e31bc4156aaeb4

PODFILE CHECKSUM: 753bcc25095e940c33cb9c7a560a769c8ce257db

COCOAPODS: 1.11.3
