// !$*UTF8*$!
{
	archiveVersion = 1;
	classes = {
	};
	objectVersion = 55;
	objects = {

/* Begin PBXBuildFile section */
		CC16F3A204B309FF6DBAD4B6 /* Pods_GB_Frameworks.framework in Frameworks */ = {isa = PBXBuildFile; fileRef = 5485F6DE10F46D643EFE6171 /* Pods_GB_Frameworks.framework */; };
		FE8876A1283139F9002A57B2 /* AppDelegate.swift in Sources */ = {isa = PBXBuildFile; fileRef = FE8876A0283139F9002A57B2 /* AppDelegate.swift */; };
		FE8876A3283139F9002A57B2 /* SceneDelegate.swift in Sources */ = {isa = PBXBuildFile; fileRef = FE8876A2283139F9002A57B2 /* SceneDelegate.swift */; };
		FE8876A5283139F9002A57B2 /* MainViewController.swift in Sources */ = {isa = PBXBuildFile; fileRef = FE8876A4283139F9002A57B2 /* MainViewController.swift */; };
		FE8876A8283139F9002A57B2 /* Main.storyboard in Resources */ = {isa = PBXBuildFile; fileRef = FE8876A6283139F9002A57B2 /* Main.storyboard */; };
		FE8876AA283139FA002A57B2 /* Assets.xcassets in Resources */ = {isa = PBXBuildFile; fileRef = FE8876A9283139FA002A57B2 /* Assets.xcassets */; };
		FE8876AD283139FA002A57B2 /* LaunchScreen.storyboard in Resources */ = {isa = PBXBuildFile; fileRef = FE8876AB283139FA002A57B2 /* LaunchScreen.storyboard */; };
/* End PBXBuildFile section */

/* Begin PBXFileReference section */
		0A18BDA632D3A29753409C3F /* Pods-GB_Frameworks.release.xcconfig */ = {isa = PBXFileReference; includeInIndex = 1; lastKnownFileType = text.xcconfig; name = "Pods-GB_Frameworks.release.xcconfig"; path = "Target Support Files/Pods-GB_Frameworks/Pods-GB_Frameworks.release.xcconfig"; sourceTree = "<group>"; };
		5485F6DE10F46D643EFE6171 /* Pods_GB_Frameworks.framework */ = {isa = PBXFileReference; explicitFileType = wrapper.framework; includeInIndex = 0; path = Pods_GB_Frameworks.framework; sourceTree = BUILT_PRODUCTS_DIR; };
		E260962E777ECDD84B63050A /* Pods-GB_Frameworks.debug.xcconfig */ = {isa = PBXFileReference; includeInIndex = 1; lastKnownFileType = text.xcconfig; name = "Pods-GB_Frameworks.debug.xcconfig"; path = "Target Support Files/Pods-GB_Frameworks/Pods-GB_Frameworks.debug.xcconfig"; sourceTree = "<group>"; };
		FE88769D283139F9002A57B2 /* GB_Frameworks.app */ = {isa = PBXFileReference; explicitFileType = wrapper.application; includeInIndex = 0; path = GB_Frameworks.app; sourceTree = BUILT_PRODUCTS_DIR; };
		FE8876A0283139F9002A57B2 /* AppDelegate.swift */ = {isa = PBXFileReference; lastKnownFileType = sourcecode.swift; path = AppDelegate.swift; sourceTree = "<group>"; };
		FE8876A2283139F9002A57B2 /* SceneDelegate.swift */ = {isa = PBXFileReference; lastKnownFileType = sourcecode.swift; path = SceneDelegate.swift; sourceTree = "<group>"; };
		FE8876A4283139F9002A57B2 /* MainViewController.swift */ = {isa = PBXFileReference; lastKnownFileType = sourcecode.swift; path = MainViewController.swift; sourceTree = "<group>"; };
		FE8876A7283139F9002A57B2 /* Base */ = {isa = PBXFileReference; lastKnownFileType = file.storyboard; name = Base; path = Base.lproj/Main.storyboard; sourceTree = "<group>"; };
		FE8876A9283139FA002A57B2 /* Assets.xcassets */ = {isa = PBXFileReference; lastKnownFileType = folder.assetcatalog; path = Assets.xcassets; sourceTree = "<group>"; };
		FE8876AC283139FA002A57B2 /* Base */ = {isa = PBXFileReference; lastKnownFileType = file.storyboard; name = Base; path = Base.lproj/LaunchScreen.storyboard; sourceTree = "<group>"; };
		FE8876AE283139FA002A57B2 /* Info.plist */ = {isa = PBXFileReference; lastKnownFileType = text.plist.xml; path = Info.plist; sourceTree = "<group>"; };
/* End PBXFileReference section */

/* Begin PBXFrameworksBuildPhase section */
		FE88769A283139F9002A57B2 /* Frameworks */ = {
			isa = PBXFrameworksBuildPhase;
			buildActionMask = 2147483647;
			files = (
				CC16F3A204B309FF6DBAD4B6 /* Pods_GB_Frameworks.framework in Frameworks */,
			);
			runOnlyForDeploymentPostprocessing = 0;
		};
/* End PBXFrameworksBuildPhase section */

/* Begin PBXGroup section */
		06F403A8DCD5DED853EDD2A1 /* Pods */ = {
			isa = PBXGroup;
			children = (
				E260962E777ECDD84B63050A /* Pods-GB_Frameworks.debug.xcconfig */,
				0A18BDA632D3A29753409C3F /* Pods-GB_Frameworks.release.xcconfig */,
			);
			path = Pods;
			sourceTree = "<group>";
		};
		DDE31632BD9D007CAFD5E936 /* Frameworks */ = {
			isa = PBXGroup;
			children = (
				5485F6DE10F46D643EFE6171 /* Pods_GB_Frameworks.framework */,
			);
			name = Frameworks;
			sourceTree = "<group>";
		};
		FE2D3BEB2836775E00A3C737 /* App */ = {
			isa = PBXGroup;
			children = (
				FE8876A0283139F9002A57B2 /* AppDelegate.swift */,
				FE8876A2283139F9002A57B2 /* SceneDelegate.swift */,
				FE2D3BEC2836777800A3C737 /* Flows */,
				FE2D3BEE283677C300A3C737 /* Assembly */,
				FE2D3BEF283677D600A3C737 /* Entity */,
				FE2D3BF0283677EA00A3C737 /* BusinessLogic */,
			);
			path = App;
			sourceTree = "<group>";
		};
		FE2D3BEC2836777800A3C737 /* Flows */ = {
			isa = PBXGroup;
			children = (
				FE8876AB283139FA002A57B2 /* LaunchScreen.storyboard */,
				FE8876A6283139F9002A57B2 /* Main.storyboard */,
				FE8876A4283139F9002A57B2 /* MainViewController.swift */,
			);
			path = Flows;
			sourceTree = "<group>";
		};
		FE2D3BEE283677C300A3C737 /* Assembly */ = {
			isa = PBXGroup;
			children = (
			);
			path = Assembly;
			sourceTree = "<group>";
		};
		FE2D3BEF283677D600A3C737 /* Entity */ = {
			isa = PBXGroup;
			children = (
			);
			path = Entity;
			sourceTree = "<group>";
		};
		FE2D3BF0283677EA00A3C737 /* BusinessLogic */ = {
			isa = PBXGroup;
			children = (
			);
			path = BusinessLogic;
			sourceTree = "<group>";
		};
		FE2D3BF12836781400A3C737 /* Core */ = {
			isa = PBXGroup;
			children = (
				FE2D3BF22836783000A3C737 /* Realm */,
			);
			path = Core;
			sourceTree = "<group>";
		};
		FE2D3BF22836783000A3C737 /* Realm */ = {
			isa = PBXGroup;
			children = (
			);
			path = Realm;
			sourceTree = "<group>";
		};
		FE2D3BF32836785300A3C737 /* Resources */ = {
			isa = PBXGroup;
			children = (
				FE8876A9283139FA002A57B2 /* Assets.xcassets */,
			);
			path = Resources;
			sourceTree = "<group>";
		};
		FE2D3BF42836786C00A3C737 /* Environments */ = {
			isa = PBXGroup;
			children = (
				FE8876AE283139FA002A57B2 /* Info.plist */,
			);
			path = Environments;
			sourceTree = "<group>";
		};
		FE887694283139F9002A57B2 = {
			isa = PBXGroup;
			children = (
				FE88769F283139F9002A57B2 /* GB_Frameworks */,
				FE88769E283139F9002A57B2 /* Products */,
				06F403A8DCD5DED853EDD2A1 /* Pods */,
				DDE31632BD9D007CAFD5E936 /* Frameworks */,
			);
			sourceTree = "<group>";
		};
		FE88769E283139F9002A57B2 /* Products */ = {
			isa = PBXGroup;
			children = (
				FE88769D283139F9002A57B2 /* GB_Frameworks.app */,
			);
			name = Products;
			sourceTree = "<group>";
		};
		FE88769F283139F9002A57B2 /* GB_Frameworks */ = {
			isa = PBXGroup;
			children = (
				FE2D3BEB2836775E00A3C737 /* App */,
				FE2D3BF12836781400A3C737 /* Core */,
				FE2D3BF32836785300A3C737 /* Resources */,
				FE2D3BF42836786C00A3C737 /* Environments */,
			);
			path = GB_Frameworks;
			sourceTree = "<group>";
		};
/* End PBXGroup section */

/* Begin PBXNativeTarget section */
		FE88769C283139F9002A57B2 /* GB_Frameworks */ = {
			isa = PBXNativeTarget;
			buildConfigurationList = FE8876B1283139FA002A57B2 /* Build configuration list for PBXNativeTarget "GB_Frameworks" */;
			buildPhases = (
				FCE6D24767B447679425FCFA /* [CP] Check Pods Manifest.lock */,
				FE887699283139F9002A57B2 /* Sources */,
				FE88769A283139F9002A57B2 /* Frameworks */,
				FE88769B283139F9002A57B2 /* Resources */,
				DE8003127A682AB249E1BC79 /* [CP] Copy Pods Resources */,
			);
			buildRules = (
			);
			dependencies = (
			);
			name = GB_Frameworks;
			productName = GB_Frameworks;
			productReference = FE88769D283139F9002A57B2 /* GB_Frameworks.app */;
			productType = "com.apple.product-type.application";
		};
/* End PBXNativeTarget section */

/* Begin PBXProject section */
		FE887695283139F9002A57B2 /* Project object */ = {
			isa = PBXProject;
			attributes = {
				BuildIndependentTargetsInParallel = 1;
				LastSwiftUpdateCheck = 1320;
				LastUpgradeCheck = 1320;
				TargetAttributes = {
					FE88769C283139F9002A57B2 = {
						CreatedOnToolsVersion = 13.2;
					};
				};
			};
			buildConfigurationList = FE887698283139F9002A57B2 /* Build configuration list for PBXProject "GB_Frameworks" */;
			compatibilityVersion = "Xcode 13.0";
			developmentRegion = en;
			hasScannedForEncodings = 0;
			knownRegions = (
				en,
				Base,
			);
			mainGroup = FE887694283139F9002A57B2;
			productRefGroup = FE88769E283139F9002A57B2 /* Products */;
			projectDirPath = "";
			projectRoot = "";
			targets = (
				FE88769C283139F9002A57B2 /* GB_Frameworks */,
			);
		};
/* End PBXProject section */

/* Begin PBXResourcesBuildPhase section */
		FE88769B283139F9002A57B2 /* Resources */ = {
			isa = PBXResourcesBuildPhase;
			buildActionMask = 2147483647;
			files = (
				FE8876AD283139FA002A57B2 /* LaunchScreen.storyboard in Resources */,
				FE8876AA283139FA002A57B2 /* Assets.xcassets in Resources */,
				FE8876A8283139F9002A57B2 /* Main.storyboard in Resources */,
			);
			runOnlyForDeploymentPostprocessing = 0;
		};
/* End PBXResourcesBuildPhase section */

/* Begin PBXShellScriptBuildPhase section */
		DE8003127A682AB249E1BC79 /* [CP] Copy Pods Resources */ = {
			isa = PBXShellScriptBuildPhase;
			buildActionMask = 2147483647;
			files = (
			);
			inputFileListPaths = (
				"${PODS_ROOT}/Target Support Files/Pods-GB_Frameworks/Pods-GB_Frameworks-resources-${CONFIGURATION}-input-files.xcfilelist",
			);
			name = "[CP] Copy Pods Resources";
			outputFileListPaths = (
				"${PODS_ROOT}/Target Support Files/Pods-GB_Frameworks/Pods-GB_Frameworks-resources-${CONFIGURATION}-output-files.xcfilelist",
			);
			runOnlyForDeploymentPostprocessing = 0;
			shellPath = /bin/sh;
			shellScript = "\"${PODS_ROOT}/Target Support Files/Pods-GB_Frameworks/Pods-GB_Frameworks-resources.sh\"\n";
			showEnvVarsInLog = 0;
		};
		FCE6D24767B447679425FCFA /* [CP] Check Pods Manifest.lock */ = {
			isa = PBXShellScriptBuildPhase;
			buildActionMask = 2147483647;
			files = (
			);
			inputFileListPaths = (
			);
			inputPaths = (
				"${PODS_PODFILE_DIR_PATH}/Podfile.lock",
				"${PODS_ROOT}/Manifest.lock",
			);
			name = "[CP] Check Pods Manifest.lock";
			outputFileListPaths = (
			);
			outputPaths = (
				"$(DERIVED_FILE_DIR)/Pods-GB_Frameworks-checkManifestLockResult.txt",
			);
			runOnlyForDeploymentPostprocessing = 0;
			shellPath = /bin/sh;
			shellScript = "diff \"${PODS_PODFILE_DIR_PATH}/Podfile.lock\" \"${PODS_ROOT}/Manifest.lock\" > /dev/null\nif [ $? != 0 ] ; then\n    # print error to STDERR\n    echo \"error: The sandbox is not in sync with the Podfile.lock. Run 'pod install' or update your CocoaPods installation.\" >&2\n    exit 1\nfi\n# This output is used by Xcode 'outputs' to avoid re-running this script phase.\necho \"SUCCESS\" > \"${SCRIPT_OUTPUT_FILE_0}\"\n";
			showEnvVarsInLog = 0;
		};
/* End PBXShellScriptBuildPhase section */

/* Begin PBXSourcesBuildPhase section */
		FE887699283139F9002A57B2 /* Sources */ = {
			isa = PBXSourcesBuildPhase;
			buildActionMask = 2147483647;
			files = (
				FE8876A5283139F9002A57B2 /* MainViewController.swift in Sources */,
				FE8876A1283139F9002A57B2 /* AppDelegate.swift in Sources */,
				FE8876A3283139F9002A57B2 /* SceneDelegate.swift in Sources */,
			);
			runOnlyForDeploymentPostprocessing = 0;
		};
/* End PBXSourcesBuildPhase section */

/* Begin PBXVariantGroup section */
		FE8876A6283139F9002A57B2 /* Main.storyboard */ = {
			isa = PBXVariantGroup;
			children = (
				FE8876A7283139F9002A57B2 /* Base */,
			);
			name = Main.storyboard;
			sourceTree = "<group>";
		};
		FE8876AB283139FA002A57B2 /* LaunchScreen.storyboard */ = {
			isa = PBXVariantGroup;
			children = (
				FE8876AC283139FA002A57B2 /* Base */,
			);
			name = LaunchScreen.storyboard;
			sourceTree = "<group>";
		};
/* End PBXVariantGroup section */

/* Begin XCBuildConfiguration section */
		FE8876AF283139FA002A57B2 /* Debug */ = {
			isa = XCBuildConfiguration;
			buildSettings = {
				ALWAYS_SEARCH_USER_PATHS = NO;
				CLANG_ANALYZER_NONNULL = YES;
				CLANG_ANALYZER_NUMBER_OBJECT_CONVERSION = YES_AGGRESSIVE;
				CLANG_CXX_LANGUAGE_STANDARD = "gnu++17";
				CLANG_CXX_LIBRARY = "libc++";
				CLANG_ENABLE_MODULES = YES;
				CLANG_ENABLE_OBJC_ARC = YES;
				CLANG_ENABLE_OBJC_WEAK = YES;
				CLANG_WARN_BLOCK_CAPTURE_AUTORELEASING = YES;
				CLANG_WARN_BOOL_CONVERSION = YES;
				CLANG_WARN_COMMA = YES;
				CLANG_WARN_CONSTANT_CONVERSION = YES;
				CLANG_WARN_DEPRECATED_OBJC_IMPLEMENTATIONS = YES;
				CLANG_WARN_DIRECT_OBJC_ISA_USAGE = YES_ERROR;
				CLANG_WARN_DOCUMENTATION_COMMENTS = YES;
				CLANG_WARN_EMPTY_BODY = YES;
				CLANG_WARN_ENUM_CONVERSION = YES;
				CLANG_WARN_INFINITE_RECURSION = YES;
				CLANG_WARN_INT_CONVERSION = YES;
				CLANG_WARN_NON_LITERAL_NULL_CONVERSION = YES;
				CLANG_WARN_OBJC_IMPLICIT_RETAIN_SELF = YES;
				CLANG_WARN_OBJC_LITERAL_CONVERSION = YES;
				CLANG_WARN_OBJC_ROOT_CLASS = YES_ERROR;
				CLANG_WARN_QUOTED_INCLUDE_IN_FRAMEWORK_HEADER = YES;
				CLANG_WARN_RANGE_LOOP_ANALYSIS = YES;
				CLANG_WARN_STRICT_PROTOTYPES = YES;
				CLANG_WARN_SUSPICIOUS_MOVE = YES;
				CLANG_WARN_UNGUARDED_AVAILABILITY = YES_AGGRESSIVE;
				CLANG_WARN_UNREACHABLE_CODE = YES;
				CLANG_WARN__DUPLICATE_METHOD_MATCH = YES;
				COPY_PHASE_STRIP = NO;
				DEBUG_INFORMATION_FORMAT = dwarf;
				ENABLE_STRICT_OBJC_MSGSEND = YES;
				ENABLE_TESTABILITY = YES;
				"EXCLUDED_ARCHS[sdk=iphonesimulator*]" = arm64;
				GCC_C_LANGUAGE_STANDARD = gnu11;
				GCC_DYNAMIC_NO_PIC = NO;
				GCC_NO_COMMON_BLOCKS = YES;
				GCC_OPTIMIZATION_LEVEL = 0;
				GCC_PREPROCESSOR_DEFINITIONS = (
					"DEBUG=1",
					"$(inherited)",
				);
				GCC_WARN_64_TO_32_BIT_CONVERSION = YES;
				GCC_WARN_ABOUT_RETURN_TYPE = YES_ERROR;
				GCC_WARN_UNDECLARED_SELECTOR = YES;
				GCC_WARN_UNINITIALIZED_AUTOS = YES_AGGRESSIVE;
				GCC_WARN_UNUSED_FUNCTION = YES;
				GCC_WARN_UNUSED_VARIABLE = YES;
				IPHONEOS_DEPLOYMENT_TARGET = 15.2;
				MTL_ENABLE_DEBUG_INFO = INCLUDE_SOURCE;
				MTL_FAST_MATH = YES;
				ONLY_ACTIVE_ARCH = YES;
				SDKROOT = iphoneos;
				SWIFT_ACTIVE_COMPILATION_CONDITIONS = DEBUG;
				SWIFT_OPTIMIZATION_LEVEL = "-Onone";
			};
			name = Debug;
		};
		FE8876B0283139FA002A57B2 /* Release */ = {
			isa = XCBuildConfiguration;
			buildSettings = {
				ALWAYS_SEARCH_USER_PATHS = NO;
				CLANG_ANALYZER_NONNULL = YES;
				CLANG_ANALYZER_NUMBER_OBJECT_CONVERSION = YES_AGGRESSIVE;
				CLANG_CXX_LANGUAGE_STANDARD = "gnu++17";
				CLANG_CXX_LIBRARY = "libc++";
				CLANG_ENABLE_MODULES = YES;
				CLANG_ENABLE_OBJC_ARC = YES;
				CLANG_ENABLE_OBJC_WEAK = YES;
				CLANG_WARN_BLOCK_CAPTURE_AUTORELEASING = YES;
				CLANG_WARN_BOOL_CONVERSION = YES;
				CLANG_WARN_COMMA = YES;
				CLANG_WARN_CONSTANT_CONVERSION = YES;
				CLANG_WARN_DEPRECATED_OBJC_IMPLEMENTATIONS = YES;
				CLANG_WARN_DIRECT_OBJC_ISA_USAGE = YES_ERROR;
				CLANG_WARN_DOCUMENTATION_COMMENTS = YES;
				CLANG_WARN_EMPTY_BODY = YES;
				CLANG_WARN_ENUM_CONVERSION = YES;
				CLANG_WARN_INFINITE_RECURSION = YES;
				CLANG_WARN_INT_CONVERSION = YES;
				CLANG_WARN_NON_LITERAL_NULL_CONVERSION = YES;
				CLANG_WARN_OBJC_IMPLICIT_RETAIN_SELF = YES;
				CLANG_WARN_OBJC_LITERAL_CONVERSION = YES;
				CLANG_WARN_OBJC_ROOT_CLASS = YES_ERROR;
				CLANG_WARN_QUOTED_INCLUDE_IN_FRAMEWORK_HEADER = YES;
				CLANG_WARN_RANGE_LOOP_ANALYSIS = YES;
				CLANG_WARN_STRICT_PROTOTYPES = YES;
				CLANG_WARN_SUSPICIOUS_MOVE = YES;
				CLANG_WARN_UNGUARDED_AVAILABILITY = YES_AGGRESSIVE;
				CLANG_WARN_UNREACHABLE_CODE = YES;
				CLANG_WARN__DUPLICATE_METHOD_MATCH = YES;
				COPY_PHASE_STRIP = NO;
				DEBUG_INFORMATION_FORMAT = "dwarf-with-dsym";
				ENABLE_NS_ASSERTIONS = NO;
				ENABLE_STRICT_OBJC_MSGSEND = YES;
				"EXCLUDED_ARCHS[sdk=iphonesimulator*]" = arm64;
				GCC_C_LANGUAGE_STANDARD = gnu11;
				GCC_NO_COMMON_BLOCKS = YES;
				GCC_WARN_64_TO_32_BIT_CONVERSION = YES;
				GCC_WARN_ABOUT_RETURN_TYPE = YES_ERROR;
				GCC_WARN_UNDECLARED_SELECTOR = YES;
				GCC_WARN_UNINITIALIZED_AUTOS = YES_AGGRESSIVE;
				GCC_WARN_UNUSED_FUNCTION = YES;
				GCC_WARN_UNUSED_VARIABLE = YES;
				IPHONEOS_DEPLOYMENT_TARGET = 15.2;
				MTL_ENABLE_DEBUG_INFO = NO;
				MTL_FAST_MATH = YES;
				ONLY_ACTIVE_ARCH = YES;
				SDKROOT = iphoneos;
				SWIFT_COMPILATION_MODE = wholemodule;
				SWIFT_OPTIMIZATION_LEVEL = "-O";
				VALIDATE_PRODUCT = YES;
			};
			name = Release;
		};
		FE8876B2283139FA002A57B2 /* Debug */ = {
			isa = XCBuildConfiguration;
			baseConfigurationReference = E260962E777ECDD84B63050A /* Pods-GB_Frameworks.debug.xcconfig */;
			buildSettings = {
				ASSETCATALOG_COMPILER_APPICON_NAME = AppIcon;
				ASSETCATALOG_COMPILER_GLOBAL_ACCENT_COLOR_NAME = AccentColor;
				CODE_SIGN_STYLE = Automatic;
				CURRENT_PROJECT_VERSION = 1;
				DEVELOPMENT_TEAM = Q3N89R8Y92;
				"EXCLUDED_ARCHS[sdk=iphonesimulator*]" = arm64;
				GENERATE_INFOPLIST_FILE = YES;
				INFOPLIST_FILE = GB_Frameworks/Environments/Info.plist;
				INFOPLIST_KEY_NSLocationAlwaysAndWhenInUseUsageDescription = "for example";
				INFOPLIST_KEY_UIApplicationSupportsIndirectInputEvents = YES;
				INFOPLIST_KEY_UILaunchStoryboardName = LaunchScreen;
				INFOPLIST_KEY_UIMainStoryboardFile = Main;
				INFOPLIST_KEY_UISupportedInterfaceOrientations_iPad = "UIInterfaceOrientationPortrait UIInterfaceOrientationPortraitUpsideDown UIInterfaceOrientationLandscapeLeft UIInterfaceOrientationLandscapeRight";
				INFOPLIST_KEY_UISupportedInterfaceOrientations_iPhone = "UIInterfaceOrientationPortrait UIInterfaceOrientationLandscapeLeft UIInterfaceOrientationLandscapeRight";
				LD_RUNPATH_SEARCH_PATHS = (
					"$(inherited)",
					"@executable_path/Frameworks",
				);
				MARKETING_VERSION = 1.0;
				PRODUCT_BUNDLE_IDENTIFIER = "haunt.GB-Frameworks";
				PRODUCT_NAME = "$(TARGET_NAME)";
				SWIFT_EMIT_LOC_STRINGS = YES;
				SWIFT_VERSION = 5.0;
				TARGETED_DEVICE_FAMILY = "1,2";
			};
			name = Debug;
		};
		FE8876B3283139FA002A57B2 /* Release */ = {
			isa = XCBuildConfiguration;
			baseConfigurationReference = 0A18BDA632D3A29753409C3F /* Pods-GB_Frameworks.release.xcconfig */;
			buildSettings = {
				ASSETCATALOG_COMPILER_APPICON_NAME = AppIcon;
				ASSETCATALOG_COMPILER_GLOBAL_ACCENT_COLOR_NAME = AccentColor;
				CODE_SIGN_STYLE = Automatic;
				CURRENT_PROJECT_VERSION = 1;
				DEVELOPMENT_TEAM = Q3N89R8Y92;
				"EXCLUDED_ARCHS[sdk=iphonesimulator*]" = arm64;
				GENERATE_INFOPLIST_FILE = YES;
				INFOPLIST_FILE = GB_Frameworks/Environments/Info.plist;
				INFOPLIST_KEY_NSLocationAlwaysAndWhenInUseUsageDescription = "for example";
				INFOPLIST_KEY_UIApplicationSupportsIndirectInputEvents = YES;
				INFOPLIST_KEY_UILaunchStoryboardName = LaunchScreen;
				INFOPLIST_KEY_UIMainStoryboardFile = Main;
				INFOPLIST_KEY_UISupportedInterfaceOrientations_iPad = "UIInterfaceOrientationPortrait UIInterfaceOrientationPortraitUpsideDown UIInterfaceOrientationLandscapeLeft UIInterfaceOrientationLandscapeRight";
				INFOPLIST_KEY_UISupportedInterfaceOrientations_iPhone = "UIInterfaceOrientationPortrait UIInterfaceOrientationLandscapeLeft UIInterfaceOrientationLandscapeRight";
				LD_RUNPATH_SEARCH_PATHS = (
					"$(inherited)",
					"@executable_path/Frameworks",
				);
				MARKETING_VERSION = 1.0;
				PRODUCT_BUNDLE_IDENTIFIER = "haunt.GB-Frameworks";
				PRODUCT_NAME = "$(TARGET_NAME)";
				SWIFT_EMIT_LOC_STRINGS = YES;
				SWIFT_VERSION = 5.0;
				TARGETED_DEVICE_FAMILY = "1,2";
			};
			name = Release;
		};
/* End XCBuildConfiguration section */

/* Begin XCConfigurationList section */
		FE887698283139F9002A57B2 /* Build configuration list for PBXProject "GB_Frameworks" */ = {
			isa = XCConfigurationList;
			buildConfigurations = (
				FE8876AF283139FA002A57B2 /* Debug */,
				FE8876B0283139FA002A57B2 /* Release */,
			);
			defaultConfigurationIsVisible = 0;
			defaultConfigurationName = Release;
		};
		FE8876B1283139FA002A57B2 /* Build configuration list for PBXNativeTarget "GB_Frameworks" */ = {
			isa = XCConfigurationList;
			buildConfigurations = (
				FE8876B2283139FA002A57B2 /* Debug */,
				FE8876B3283139FA002A57B2 /* Release */,
			);
			defaultConfigurationIsVisible = 0;
			defaultConfigurationName = Release;
		};
/* End XCConfigurationList section */
	};
	rootObject = FE887695283139F9002A57B2 /* Project object */;
}
